// !$*UTF8*$!
{
	archiveVersion = 1;
	classes = {
	};
	objectVersion = 46;
	objects = {

/* Begin PBXBuildFile section */
		4C76CC4F1C607C3C00732B20 /* AppDelegate.swift in Sources */ = {isa = PBXBuildFile; fileRef = 4C76CC4E1C607C3C00732B20 /* AppDelegate.swift */; };
		4C76CC541C607C3C00732B20 /* Main.storyboard in Resources */ = {isa = PBXBuildFile; fileRef = 4C76CC521C607C3C00732B20 /* Main.storyboard */; };
		4C76CC571C607C3C00732B20 /* eifles.xcdatamodeld in Sources */ = {isa = PBXBuildFile; fileRef = 4C76CC551C607C3C00732B20 /* eifles.xcdatamodeld */; };
		4C76CC591C607C3C00732B20 /* Assets.xcassets in Resources */ = {isa = PBXBuildFile; fileRef = 4C76CC581C607C3C00732B20 /* Assets.xcassets */; };
		4C76CC5C1C607C3C00732B20 /* LaunchScreen.storyboard in Resources */ = {isa = PBXBuildFile; fileRef = 4C76CC5A1C607C3C00732B20 /* LaunchScreen.storyboard */; };
		4C76CC671C607C3C00732B20 /* eiflesTests.swift in Sources */ = {isa = PBXBuildFile; fileRef = 4C76CC661C607C3C00732B20 /* eiflesTests.swift */; };
		4C76CC721C607C3C00732B20 /* eiflesUITests.swift in Sources */ = {isa = PBXBuildFile; fileRef = 4C76CC711C607C3C00732B20 /* eiflesUITests.swift */; };
		4CFABA681C61C503000A35ED /* MainViewController.swift in Sources */ = {isa = PBXBuildFile; fileRef = 4CFABA671C61C503000A35ED /* MainViewController.swift */; };
/* End PBXBuildFile section */

/* Begin PBXContainerItemProxy section */
		4C76CC631C607C3C00732B20 /* PBXContainerItemProxy */ = {
			isa = PBXContainerItemProxy;
			containerPortal = 4C76CC431C607C3C00732B20 /* Project object */;
			proxyType = 1;
			remoteGlobalIDString = 4C76CC4A1C607C3C00732B20;
			remoteInfo = eifles;
		};
		4C76CC6E1C607C3C00732B20 /* PBXContainerItemProxy */ = {
			isa = PBXContainerItemProxy;
			containerPortal = 4C76CC431C607C3C00732B20 /* Project object */;
			proxyType = 1;
			remoteGlobalIDString = 4C76CC4A1C607C3C00732B20;
			remoteInfo = eifles;
		};
/* End PBXContainerItemProxy section */

/* Begin PBXFileReference section */
		4C76CC4B1C607C3C00732B20 /* eifles.app */ = {isa = PBXFileReference; explicitFileType = wrapper.application; includeInIndex = 0; path = eifles.app; sourceTree = BUILT_PRODUCTS_DIR; };
		4C76CC4E1C607C3C00732B20 /* AppDelegate.swift */ = {isa = PBXFileReference; lastKnownFileType = sourcecode.swift; path = AppDelegate.swift; sourceTree = "<group>"; };
		4C76CC531C607C3C00732B20 /* Base */ = {isa = PBXFileReference; lastKnownFileType = file.storyboard; name = Base; path = Base.lproj/Main.storyboard; sourceTree = "<group>"; };
		4C76CC561C607C3C00732B20 /* eifles.xcdatamodel */ = {isa = PBXFileReference; lastKnownFileType = wrapper.xcdatamodel; path = eifles.xcdatamodel; sourceTree = "<group>"; };
		4C76CC581C607C3C00732B20 /* Assets.xcassets */ = {isa = PBXFileReference; lastKnownFileType = folder.assetcatalog; path = Assets.xcassets; sourceTree = "<group>"; };
		4C76CC5B1C607C3C00732B20 /* Base */ = {isa = PBXFileReference; lastKnownFileType = file.storyboard; name = Base; path = Base.lproj/LaunchScreen.storyboard; sourceTree = "<group>"; };
		4C76CC5D1C607C3C00732B20 /* Info.plist */ = {isa = PBXFileReference; lastKnownFileType = text.plist.xml; path = Info.plist; sourceTree = "<group>"; };
		4C76CC621C607C3C00732B20 /* eiflesTests.xctest */ = {isa = PBXFileReference; explicitFileType = wrapper.cfbundle; includeInIndex = 0; path = eiflesTests.xctest; sourceTree = BUILT_PRODUCTS_DIR; };
		4C76CC661C607C3C00732B20 /* eiflesTests.swift */ = {isa = PBXFileReference; lastKnownFileType = sourcecode.swift; path = eiflesTests.swift; sourceTree = "<group>"; };
		4C76CC681C607C3C00732B20 /* Info.plist */ = {isa = PBXFileReference; lastKnownFileType = text.plist.xml; path = Info.plist; sourceTree = "<group>"; };
		4C76CC6D1C607C3C00732B20 /* eiflesUITests.xctest */ = {isa = PBXFileReference; explicitFileType = wrapper.cfbundle; includeInIndex = 0; path = eiflesUITests.xctest; sourceTree = BUILT_PRODUCTS_DIR; };
		4C76CC711C607C3C00732B20 /* eiflesUITests.swift */ = {isa = PBXFileReference; lastKnownFileType = sourcecode.swift; path = eiflesUITests.swift; sourceTree = "<group>"; };
		4C76CC731C607C3C00732B20 /* Info.plist */ = {isa = PBXFileReference; lastKnownFileType = text.plist.xml; path = Info.plist; sourceTree = "<group>"; };
		4CFABA671C61C503000A35ED /* MainViewController.swift */ = {isa = PBXFileReference; fileEncoding = 4; lastKnownFileType = sourcecode.swift; path = MainViewController.swift; sourceTree = "<group>"; };
/* End PBXFileReference section */

/* Begin PBXFrameworksBuildPhase section */
		4C76CC481C607C3C00732B20 /* Frameworks */ = {
			isa = PBXFrameworksBuildPhase;
			buildActionMask = 2147483647;
			files = (
			);
			runOnlyForDeploymentPostprocessing = 0;
		};
		4C76CC5F1C607C3C00732B20 /* Frameworks */ = {
			isa = PBXFrameworksBuildPhase;
			buildActionMask = 2147483647;
			files = (
			);
			runOnlyForDeploymentPostprocessing = 0;
		};
		4C76CC6A1C607C3C00732B20 /* Frameworks */ = {
			isa = PBXFrameworksBuildPhase;
			buildActionMask = 2147483647;
			files = (
			);
			runOnlyForDeploymentPostprocessing = 0;
		};
/* End PBXFrameworksBuildPhase section */

/* Begin PBXGroup section */
		4C76CC421C607C3C00732B20 = {
			isa = PBXGroup;
			children = (
				4C76CC4D1C607C3C00732B20 /* eifles */,
				4C76CC651C607C3C00732B20 /* eiflesTests */,
				4C76CC701C607C3C00732B20 /* eiflesUITests */,
				4C76CC4C1C607C3C00732B20 /* Products */,
			);
			sourceTree = "<group>";
		};
		4C76CC4C1C607C3C00732B20 /* Products */ = {
			isa = PBXGroup;
			children = (
				4C76CC4B1C607C3C00732B20 /* eifles.app */,
				4C76CC621C607C3C00732B20 /* eiflesTests.xctest */,
				4C76CC6D1C607C3C00732B20 /* eiflesUITests.xctest */,
			);
			name = Products;
			sourceTree = "<group>";
		};
		4C76CC4D1C607C3C00732B20 /* eifles */ = {
			isa = PBXGroup;
			children = (
				4C76CC4E1C607C3C00732B20 /* AppDelegate.swift */,
				4C76CC521C607C3C00732B20 /* Main.storyboard */,
				4CFABA671C61C503000A35ED /* MainViewController.swift */,
				4C76CC581C607C3C00732B20 /* Assets.xcassets */,
				4C76CC5A1C607C3C00732B20 /* LaunchScreen.storyboard */,
				4C76CC5D1C607C3C00732B20 /* Info.plist */,
				4C76CC551C607C3C00732B20 /* eifles.xcdatamodeld */,
			);
			path = eifles;
			sourceTree = "<group>";
		};
		4C76CC651C607C3C00732B20 /* eiflesTests */ = {
			isa = PBXGroup;
			children = (
				4C76CC661C607C3C00732B20 /* eiflesTests.swift */,
				4C76CC681C607C3C00732B20 /* Info.plist */,
			);
			path = eiflesTests;
			sourceTree = "<group>";
		};
		4C76CC701C607C3C00732B20 /* eiflesUITests */ = {
			isa = PBXGroup;
			children = (
				4C76CC711C607C3C00732B20 /* eiflesUITests.swift */,
				4C76CC731C607C3C00732B20 /* Info.plist */,
			);
			path = eiflesUITests;
			sourceTree = "<group>";
		};
/* End PBXGroup section */

/* Begin PBXNativeTarget section */
		4C76CC4A1C607C3C00732B20 /* eifles */ = {
			isa = PBXNativeTarget;
			buildConfigurationList = 4C76CC761C607C3C00732B20 /* Build configuration list for PBXNativeTarget "eifles" */;
			buildPhases = (
				4C76CC471C607C3C00732B20 /* Sources */,
				4C76CC481C607C3C00732B20 /* Frameworks */,
				4C76CC491C607C3C00732B20 /* Resources */,
			);
			buildRules = (
			);
			dependencies = (
			);
			name = eifles;
			productName = eifles;
			productReference = 4C76CC4B1C607C3C00732B20 /* eifles.app */;
			productType = "com.apple.product-type.application";
		};
		4C76CC611C607C3C00732B20 /* eiflesTests */ = {
			isa = PBXNativeTarget;
			buildConfigurationList = 4C76CC791C607C3C00732B20 /* Build configuration list for PBXNativeTarget "eiflesTests" */;
			buildPhases = (
				4C76CC5E1C607C3C00732B20 /* Sources */,
				4C76CC5F1C607C3C00732B20 /* Frameworks */,
				4C76CC601C607C3C00732B20 /* Resources */,
			);
			buildRules = (
			);
			dependencies = (
				4C76CC641C607C3C00732B20 /* PBXTargetDependency */,
			);
			name = eiflesTests;
			productName = eiflesTests;
			productReference = 4C76CC621C607C3C00732B20 /* eiflesTests.xctest */;
			productType = "com.apple.product-type.bundle.unit-test";
		};
		4C76CC6C1C607C3C00732B20 /* eiflesUITests */ = {
			isa = PBXNativeTarget;
			buildConfigurationList = 4C76CC7C1C607C3C00732B20 /* Build configuration list for PBXNativeTarget "eiflesUITests" */;
			buildPhases = (
				4C76CC691C607C3C00732B20 /* Sources */,
				4C76CC6A1C607C3C00732B20 /* Frameworks */,
				4C76CC6B1C607C3C00732B20 /* Resources */,
			);
			buildRules = (
			);
			dependencies = (
				4C76CC6F1C607C3C00732B20 /* PBXTargetDependency */,
			);
			name = eiflesUITests;
			productName = eiflesUITests;
			productReference = 4C76CC6D1C607C3C00732B20 /* eiflesUITests.xctest */;
			productType = "com.apple.product-type.bundle.ui-testing";
		};
/* End PBXNativeTarget section */

/* Begin PBXProject section */
		4C76CC431C607C3C00732B20 /* Project object */ = {
			isa = PBXProject;
			attributes = {
				LastSwiftUpdateCheck = 0720;
				LastUpgradeCheck = 0720;
				ORGANIZATIONNAME = "Ivan Kuzmin";
				TargetAttributes = {
					4C76CC4A1C607C3C00732B20 = {
						CreatedOnToolsVersion = 7.2;
					};
					4C76CC611C607C3C00732B20 = {
						CreatedOnToolsVersion = 7.2;
						TestTargetID = 4C76CC4A1C607C3C00732B20;
					};
					4C76CC6C1C607C3C00732B20 = {
						CreatedOnToolsVersion = 7.2;
						TestTargetID = 4C76CC4A1C607C3C00732B20;
					};
				};
			};
			buildConfigurationList = 4C76CC461C607C3C00732B20 /* Build configuration list for PBXProject "eifles" */;
			compatibilityVersion = "Xcode 3.2";
			developmentRegion = English;
			hasScannedForEncodings = 0;
			knownRegions = (
				en,
				Base,
			);
			mainGroup = 4C76CC421C607C3C00732B20;
			productRefGroup = 4C76CC4C1C607C3C00732B20 /* Products */;
			projectDirPath = "";
			projectRoot = "";
			targets = (
				4C76CC4A1C607C3C00732B20 /* eifles */,
				4C76CC611C607C3C00732B20 /* eiflesTests */,
				4C76CC6C1C607C3C00732B20 /* eiflesUITests */,
			);
		};
/* End PBXProject section */

/* Begin PBXResourcesBuildPhase section */
		4C76CC491C607C3C00732B20 /* Resources */ = {
			isa = PBXResourcesBuildPhase;
			buildActionMask = 2147483647;
			files = (
				4C76CC5C1C607C3C00732B20 /* LaunchScreen.storyboard in Resources */,
				4C76CC591C607C3C00732B20 /* Assets.xcassets in Resources */,
				4C76CC541C607C3C00732B20 /* Main.storyboard in Resources */,
			);
			runOnlyForDeploymentPostprocessing = 0;
		};
		4C76CC601C607C3C00732B20 /* Resources */ = {
			isa = PBXResourcesBuildPhase;
			buildActionMask = 2147483647;
			files = (
			);
			runOnlyForDeploymentPostprocessing = 0;
		};
		4C76CC6B1C607C3C00732B20 /* Resources */ = {
			isa = PBXResourcesBuildPhase;
			buildActionMask = 2147483647;
			files = (
			);
			runOnlyForDeploymentPostprocessing = 0;
		};
/* End PBXResourcesBuildPhase section */

/* Begin PBXSourcesBuildPhase section */
		4C76CC471C607C3C00732B20 /* Sources */ = {
			isa = PBXSourcesBuildPhase;
			buildActionMask = 2147483647;
			files = (
				4CFABA681C61C503000A35ED /* MainViewController.swift in Sources */,
				4C76CC571C607C3C00732B20 /* eifles.xcdatamodeld in Sources */,
				4C76CC4F1C607C3C00732B20 /* AppDelegate.swift in Sources */,
			);
			runOnlyForDeploymentPostprocessing = 0;
		};
		4C76CC5E1C607C3C00732B20 /* Sources */ = {
			isa = PBXSourcesBuildPhase;
			buildActionMask = 2147483647;
			files = (
				4C76CC671C607C3C00732B20 /* eiflesTests.swift in Sources */,
			);
			runOnlyForDeploymentPostprocessing = 0;
		};
		4C76CC691C607C3C00732B20 /* Sources */ = {
			isa = PBXSourcesBuildPhase;
			buildActionMask = 2147483647;
			files = (
				4C76CC721C607C3C00732B20 /* eiflesUITests.swift in Sources */,
			);
			runOnlyForDeploymentPostprocessing = 0;
		};
/* End PBXSourcesBuildPhase section */

/* Begin PBXTargetDependency section */
		4C76CC641C607C3C00732B20 /* PBXTargetDependency */ = {
			isa = PBXTargetDependency;
			target = 4C76CC4A1C607C3C00732B20 /* eifles */;
			targetProxy = 4C76CC631C607C3C00732B20 /* PBXContainerItemProxy */;
		};
		4C76CC6F1C607C3C00732B20 /* PBXTargetDependency */ = {
			isa = PBXTargetDependency;
			target = 4C76CC4A1C607C3C00732B20 /* eifles */;
			targetProxy = 4C76CC6E1C607C3C00732B20 /* PBXContainerItemProxy */;
		};
/* End PBXTargetDependency section */

/* Begin PBXVariantGroup section */
		4C76CC521C607C3C00732B20 /* Main.storyboard */ = {
			isa = PBXVariantGroup;
			children = (
				4C76CC531C607C3C00732B20 /* Base */,
			);
			name = Main.storyboard;
			sourceTree = "<group>";
		};
		4C76CC5A1C607C3C00732B20 /* LaunchScreen.storyboard */ = {
			isa = PBXVariantGroup;
			children = (
				4C76CC5B1C607C3C00732B20 /* Base */,
			);
			name = LaunchScreen.storyboard;
			sourceTree = "<group>";
		};
/* End PBXVariantGroup section */

/* Begin XCBuildConfiguration section */
		4C76CC741C607C3C00732B20 /* Debug */ = {
			isa = XCBuildConfiguration;
			buildSettings = {
				ALWAYS_SEARCH_USER_PATHS = NO;
				CLANG_CXX_LANGUAGE_STANDARD = "gnu++0x";
				CLANG_CXX_LIBRARY = "libc++";
				CLANG_ENABLE_MODULES = YES;
				CLANG_ENABLE_OBJC_ARC = YES;
				CLANG_WARN_BOOL_CONVERSION = YES;
				CLANG_WARN_CONSTANT_CONVERSION = YES;
				CLANG_WARN_DIRECT_OBJC_ISA_USAGE = YES_ERROR;
				CLANG_WARN_EMPTY_BODY = YES;
				CLANG_WARN_ENUM_CONVERSION = YES;
				CLANG_WARN_INT_CONVERSION = YES;
				CLANG_WARN_OBJC_ROOT_CLASS = YES_ERROR;
				CLANG_WARN_UNREACHABLE_CODE = YES;
				CLANG_WARN__DUPLICATE_METHOD_MATCH = YES;
				"CODE_SIGN_IDENTITY[sdk=iphoneos*]" = "iPhone Developer";
				COPY_PHASE_STRIP = NO;
				DEBUG_INFORMATION_FORMAT = dwarf;
				ENABLE_STRICT_OBJC_MSGSEND = YES;
				ENABLE_TESTABILITY = YES;
				GCC_C_LANGUAGE_STANDARD = gnu99;
				GCC_DYNAMIC_NO_PIC = NO;
				GCC_NO_COMMON_BLOCKS = YES;
				GCC_OPTIMIZATION_LEVEL = 0;
				GCC_PREPROCESSOR_DEFINITIONS = (
					"DEBUG=1",
					"$(inherited)",
				);
				GCC_WARN_64_TO_32_BIT_CONVERSION = YES;
				GCC_WARN_ABOUT_RETURN_TYPE = YES_ERROR;
				GCC_WARN_UNDECLARED_SELECTOR = YES;
				GCC_WARN_UNINITIALIZED_AUTOS = YES_AGGRESSIVE;
				GCC_WARN_UNUSED_FUNCTION = YES;
				GCC_WARN_UNUSED_VARIABLE = YES;
				IPHONEOS_DEPLOYMENT_TARGET = 9.2;
				MTL_ENABLE_DEBUG_INFO = YES;
				ONLY_ACTIVE_ARCH = YES;
				SDKROOT = iphoneos;
				SWIFT_OPTIMIZATION_LEVEL = "-Onone";
				TARGETED_DEVICE_FAMILY = "1,2";
			};
			name = Debug;
		};
		4C76CC751C607C3C00732B20 /* Release */ = {
			isa = XCBuildConfiguration;
			buildSettings = {
				ALWAYS_SEARCH_USER_PATHS = NO;
				CLANG_CXX_LANGUAGE_STANDARD = "gnu++0x";
				CLANG_CXX_LIBRARY = "libc++";
				CLANG_ENABLE_MODULES = YES;
				CLANG_ENABLE_OBJC_ARC = YES;
				CLANG_WARN_BOOL_CONVERSION = YES;
				CLANG_WARN_CONSTANT_CONVERSION = YES;
				CLANG_WARN_DIRECT_OBJC_ISA_USAGE = YES_ERROR;
				CLANG_WARN_EMPTY_BODY = YES;
				CLANG_WARN_ENUM_CONVERSION = YES;
				CLANG_WARN_INT_CONVERSION = YES;
				CLANG_WARN_OBJC_ROOT_CLASS = YES_ERROR;
				CLANG_WARN_UNREACHABLE_CODE = YES;
				CLANG_WARN__DUPLICATE_METHOD_MATCH = YES;
				"CODE_SIGN_IDENTITY[sdk=iphoneos*]" = "iPhone Developer";
				COPY_PHASE_STRIP = NO;
				DEBUG_INFORMATION_FORMAT = "dwarf-with-dsym";
				ENABLE_NS_ASSERTIONS = NO;
				ENABLE_STRICT_OBJC_MSGSEND = YES;
				GCC_C_LANGUAGE_STANDARD = gnu99;
				GCC_NO_COMMON_BLOCKS = YES;
				GCC_WARN_64_TO_32_BIT_CONVERSION = YES;
				GCC_WARN_ABOUT_RETURN_TYPE = YES_ERROR;
				GCC_WARN_UNDECLARED_SELECTOR = YES;
				GCC_WARN_UNINITIALIZED_AUTOS = YES_AGGRESSIVE;
				GCC_WARN_UNUSED_FUNCTION = YES;
				GCC_WARN_UNUSED_VARIABLE = YES;
				IPHONEOS_DEPLOYMENT_TARGET = 9.2;
				MTL_ENABLE_DEBUG_INFO = NO;
				SDKROOT = iphoneos;
				TARGETED_DEVICE_FAMILY = "1,2";
				VALIDATE_PRODUCT = YES;
			};
			name = Release;
		};
		4C76CC771C607C3C00732B20 /* Debug */ = {
			isa = XCBuildConfiguration;
			buildSettings = {
				ASSETCATALOG_COMPILER_APPICON_NAME = AppIcon;
				CODE_SIGN_IDENTITY = "iPhone Developer";
				INFOPLIST_FILE = eifles/Info.plist;
				LD_RUNPATH_SEARCH_PATHS = "$(inherited) @executable_path/Frameworks";
				PRODUCT_BUNDLE_IDENTIFIER = "com.your-mom.eifles";
				PRODUCT_NAME = "$(TARGET_NAME)";
			};
			name = Debug;
		};
		4C76CC781C607C3C00732B20 /* Release */ = {
			isa = XCBuildConfiguration;
			buildSettings = {
				ASSETCATALOG_COMPILER_APPICON_NAME = AppIcon;
				CODE_SIGN_IDENTITY = "iPhone Developer";
				INFOPLIST_FILE = eifles/Info.plist;
				LD_RUNPATH_SEARCH_PATHS = "$(inherited) @executable_path/Frameworks";
				PRODUCT_BUNDLE_IDENTIFIER = "com.your-mom.eifles";
				PRODUCT_NAME = "$(TARGET_NAME)";
			};
			name = Release;
		};
		4C76CC7A1C607C3C00732B20 /* Debug */ = {
			isa = XCBuildConfiguration;
			buildSettings = {
				BUNDLE_LOADER = "$(TEST_HOST)";
				INFOPLIST_FILE = eiflesTests/Info.plist;
				LD_RUNPATH_SEARCH_PATHS = "$(inherited) @executable_path/Frameworks @loader_path/Frameworks";
				PRODUCT_BUNDLE_IDENTIFIER = "com.your-mom.eiflesTests";
				PRODUCT_NAME = "$(TARGET_NAME)";
				TEST_HOST = "$(BUILT_PRODUCTS_DIR)/eifles.app/eifles";
			};
			name = Debug;
		};
		4C76CC7B1C607C3C00732B20 /* Release */ = {
			isa = XCBuildConfiguration;
			buildSettings = {
				BUNDLE_LOADER = "$(TEST_HOST)";
				INFOPLIST_FILE = eiflesTests/Info.plist;
				LD_RUNPATH_SEARCH_PATHS = "$(inherited) @executable_path/Frameworks @loader_path/Frameworks";
				PRODUCT_BUNDLE_IDENTIFIER = "com.your-mom.eiflesTests";
				PRODUCT_NAME = "$(TARGET_NAME)";
				TEST_HOST = "$(BUILT_PRODUCTS_DIR)/eifles.app/eifles";
			};
			name = Release;
		};
		4C76CC7D1C607C3C00732B20 /* Debug */ = {
			isa = XCBuildConfiguration;
			buildSettings = {
				INFOPLIST_FILE = eiflesUITests/Info.plist;
				LD_RUNPATH_SEARCH_PATHS = "$(inherited) @executable_path/Frameworks @loader_path/Frameworks";
				PRODUCT_BUNDLE_IDENTIFIER = "com.your-mom.eiflesUITests";
				PRODUCT_NAME = "$(TARGET_NAME)";
				TEST_TARGET_NAME = eifles;
				USES_XCTRUNNER = YES;
			};
			name = Debug;
		};
		4C76CC7E1C607C3C00732B20 /* Release */ = {
			isa = XCBuildConfiguration;
			buildSettings = {
				INFOPLIST_FILE = eiflesUITests/Info.plist;
				LD_RUNPATH_SEARCH_PATHS = "$(inherited) @executable_path/Frameworks @loader_path/Frameworks";
				PRODUCT_BUNDLE_IDENTIFIER = "com.your-mom.eiflesUITests";
				PRODUCT_NAME = "$(TARGET_NAME)";
				TEST_TARGET_NAME = eifles;
				USES_XCTRUNNER = YES;
			};
			name = Release;
		};
/* End XCBuildConfiguration section */

/* Begin XCConfigurationList section */
		4C76CC461C607C3C00732B20 /* Build configuration list for PBXProject "eifles" */ = {
			isa = XCConfigurationList;
			buildConfigurations = (
				4C76CC741C607C3C00732B20 /* Debug */,
				4C76CC751C607C3C00732B20 /* Release */,
			);
			defaultConfigurationIsVisible = 0;
			defaultConfigurationName = Release;
		};
		4C76CC761C607C3C00732B20 /* Build configuration list for PBXNativeTarget "eifles" */ = {
			isa = XCConfigurationList;
			buildConfigurations = (
				4C76CC771C607C3C00732B20 /* Debug */,
				4C76CC781C607C3C00732B20 /* Release */,
			);
			defaultConfigurationIsVisible = 0;
			defaultConfigurationName = Release;
		};
		4C76CC791C607C3C00732B20 /* Build configuration list for PBXNativeTarget "eiflesTests" */ = {
			isa = XCConfigurationList;
			buildConfigurations = (
				4C76CC7A1C607C3C00732B20 /* Debug */,
				4C76CC7B1C607C3C00732B20 /* Release */,
			);
			defaultConfigurationIsVisible = 0;
			defaultConfigurationName = Release;
		};
		4C76CC7C1C607C3C00732B20 /* Build configuration list for PBXNativeTarget "eiflesUITests" */ = {
			isa = XCConfigurationList;
			buildConfigurations = (
				4C76CC7D1C607C3C00732B20 /* Debug */,
				4C76CC7E1C607C3C00732B20 /* Release */,
			);
			defaultConfigurationIsVisible = 0;
			defaultConfigurationName = Release;
		};
/* End XCConfigurationList section */

/* Begin XCVersionGroup section */
		4C76CC551C607C3C00732B20 /* eifles.xcdatamodeld */ = {
			isa = XCVersionGroup;
			children = (
				4C76CC561C607C3C00732B20 /* eifles.xcdatamodel */,
			);
			currentVersion = 4C76CC561C607C3C00732B20 /* eifles.xcdatamodel */;
			path = eifles.xcdatamodeld;
			sourceTree = "<group>";
			versionGroupType = wrapper.xcdatamodel;
		};
/* End XCVersionGroup section */
	};
	rootObject = 4C76CC431C607C3C00732B20 /* Project object */;
}
